
Microsoft Visual Studio Solution File, Format Version 12.00
# Visual Studio Version 16
VisualStudioVersion = 16.0.29609.76
MinimumVisualStudioVersion = 10.0.40219.1
Project("{FAE04EC0-301F-11D3-BF4B-00C04F79EFBC}") = "GW Launcher", "GW Launcher\GW Launcher.csproj", "{35FF2DD3-C487-4402-9ACB-AE4C7318BA08}"
	ProjectSection(ProjectDependencies) = postProject
		{5B14128A-090A-4125-B5B2-239A5D737CCA} = {5B14128A-090A-4125-B5B2-239A5D737CCA}
	EndProjectSection
EndProject
Project("{8BC9CEB8-8B4A-11D0-8D11-00A0C91BC942}") = "Launcher-Dll", "Launcher-Dll\Launcher-Dll.vcxproj", "{5B14128A-090A-4125-B5B2-239A5D737CCA}"
EndProject
Project("{FAE04EC0-301F-11D3-BF4B-00C04F79EFBC}") = "UmodServer", "UmodServer\UmodServer.csproj", "{9DF081B6-B54A-4A7E-A8C7-40BB4194532B}"
EndProject
Global
	GlobalSection(SolutionConfigurationPlatforms) = preSolution
		Debug|Any CPU = Debug|Any CPU
		Debug|x64 = Debug|x64
		Debug|x86 = Debug|x86
		Release|Any CPU = Release|Any CPU
		Release|x64 = Release|x64
		Release|x86 = Release|x86
	EndGlobalSection
	GlobalSection(ProjectConfigurationPlatforms) = postSolution
		{35FF2DD3-C487-4402-9ACB-AE4C7318BA08}.Debug|Any CPU.ActiveCfg = Debug|Win32
		{35FF2DD3-C487-4402-9ACB-AE4C7318BA08}.Debug|Any CPU.Build.0 = Debug|Win32
		{35FF2DD3-C487-4402-9ACB-AE4C7318BA08}.Debug|x64.ActiveCfg = Debug|Win32
		{35FF2DD3-C487-4402-9ACB-AE4C7318BA08}.Debug|x86.ActiveCfg = Debug|Win32
		{35FF2DD3-C487-4402-9ACB-AE4C7318BA08}.Debug|x86.Build.0 = Debug|Win32
		{35FF2DD3-C487-4402-9ACB-AE4C7318BA08}.Release|Any CPU.ActiveCfg = Release|Win32
		{35FF2DD3-C487-4402-9ACB-AE4C7318BA08}.Release|Any CPU.Build.0 = Release|Win32
		{35FF2DD3-C487-4402-9ACB-AE4C7318BA08}.Release|x64.ActiveCfg = Release|Win32
		{35FF2DD3-C487-4402-9ACB-AE4C7318BA08}.Release|x86.ActiveCfg = Release|Win32
		{35FF2DD3-C487-4402-9ACB-AE4C7318BA08}.Release|x86.Build.0 = Release|Win32
		{5B14128A-090A-4125-B5B2-239A5D737CCA}.Debug|Any CPU.ActiveCfg = Debug|Win32
		{5B14128A-090A-4125-B5B2-239A5D737CCA}.Debug|Any CPU.Build.0 = Debug|Win32
		{5B14128A-090A-4125-B5B2-239A5D737CCA}.Debug|x64.ActiveCfg = Debug|Win32
		{5B14128A-090A-4125-B5B2-239A5D737CCA}.Debug|x64.Build.0 = Debug|Win32
		{5B14128A-090A-4125-B5B2-239A5D737CCA}.Debug|x86.ActiveCfg = Debug|Win32
		{5B14128A-090A-4125-B5B2-239A5D737CCA}.Debug|x86.Build.0 = Debug|Win32
		{5B14128A-090A-4125-B5B2-239A5D737CCA}.Release|Any CPU.ActiveCfg = Release|Win32
		{5B14128A-090A-4125-B5B2-239A5D737CCA}.Release|Any CPU.Build.0 = Release|Win32
		{5B14128A-090A-4125-B5B2-239A5D737CCA}.Release|x64.ActiveCfg = Release|Win32
		{5B14128A-090A-4125-B5B2-239A5D737CCA}.Release|x86.ActiveCfg = Release|Win32
		{5B14128A-090A-4125-B5B2-239A5D737CCA}.Release|x86.Build.0 = Release|Win32
		{9DF081B6-B54A-4A7E-A8C7-40BB4194532B}.Debug|Any CPU.ActiveCfg = Debug|Win32
		{9DF081B6-B54A-4A7E-A8C7-40BB4194532B}.Debug|Any CPU.Build.0 = Debug|Win32
		{9DF081B6-B54A-4A7E-A8C7-40BB4194532B}.Debug|x64.ActiveCfg = Debug|Win32
		{9DF081B6-B54A-4A7E-A8C7-40BB4194532B}.Debug|x86.ActiveCfg = Debug|Win32
		{9DF081B6-B54A-4A7E-A8C7-40BB4194532B}.Debug|x86.Build.0 = Debug|Win32
		{9DF081B6-B54A-4A7E-A8C7-40BB4194532B}.Release|Any CPU.ActiveCfg = Release|Win32
		{9DF081B6-B54A-4A7E-A8C7-40BB4194532B}.Release|Any CPU.Build.0 = Release|Win32
		{9DF081B6-B54A-4A7E-A8C7-40BB4194532B}.Release|x64.ActiveCfg = Release|Win32
		{9DF081B6-B54A-4A7E-A8C7-40BB4194532B}.Release|x86.ActiveCfg = Release|Win32
		{9DF081B6-B54A-4A7E-A8C7-40BB4194532B}.Release|x86.Build.0 = Release|Win32
	EndGlobalSection
	GlobalSection(SolutionProperties) = preSolution
		HideSolutionNode = FALSE
	EndGlobalSection
	GlobalSection(ExtensibilityGlobals) = postSolution
		SolutionGuid = {8396FA88-BC15-4727-B70F-0C56B028EAE8}
	EndGlobalSection
EndGlobal
